
Microsoft Visual Studio Solution File, Format Version 12.00
# Visual Studio Version 16
VisualStudioVersion = 16.0.29509.3
MinimumVisualStudioVersion = 10.0.40219.1
Project("{FAE04EC0-301F-11D3-BF4B-00C04F79EFBC}") = "KuhnPoker", "KuhnPoker.csproj", "{C8757914-FC05-433A-A7B1-12A97FAA5DB7}"
EndProject
Project("{FAE04EC0-301F-11D3-BF4B-00C04F79EFBC}") = "ProtoKuhnPoker", "..\ProtoKuhnPoker\ProtoKuhnPoker.csproj", "{20B8BA02-86B9-44CA-805A-228CF661AB7A}"
EndProject
Project("{FAE04EC0-301F-11D3-BF4B-00C04F79EFBC}") = "last", "..\last\last.csproj", "{10302CEC-DA3D-4185-8825-BA9125CB43AD}"
EndProject
Project("{FAE04EC0-301F-11D3-BF4B-00C04F79EFBC}") = "11_24_2019", "..\11_24_2019\11_24_2019.csproj", "{1B249D4C-08BB-4B1A-85D6-7B1919E790ED}"
EndProject
Project("{FAE04EC0-301F-11D3-BF4B-00C04F79EFBC}") = "from_scratch", "..\from_scratch\from_scratch.csproj", "{B8E081B3-741F-49DF-AB47-36AF836BC5BA}"
EndProject
Project("{FAE04EC0-301F-11D3-BF4B-00C04F79EFBC}") = "kiss", "..\kiss\kiss.csproj", "{2E729A1C-F081-490A-8205-EE7D9DACDCD3}"
EndProject
Project("{FAE04EC0-301F-11D3-BF4B-00C04F79EFBC}") = "12_1_2019_kuhn", "..\12_1_2019_kuhn\12_1_2019_kuhn.csproj", "{47D1383D-E4B0-497F-A533-A6C2351CBED2}"
EndProject
Project("{FAE04EC0-301F-11D3-BF4B-00C04F79EFBC}") = "ArrayTreeKuhn", "..\ArrayTreeKuhn\ArrayTreeKuhn.csproj", "{25A2CD85-A81C-4EA5-AB60-85565B0D7D5D}"
EndProject
Project("{FAE04EC0-301F-11D3-BF4B-00C04F79EFBC}") = "CpPort", "..\CpPort\CpPort.csproj", "{8A55CD12-8EC9-4470-9691-1DBCD6060814}"
EndProject
Project("{FAE04EC0-301F-11D3-BF4B-00C04F79EFBC}") = "10", "..\10\10.csproj", "{264A94F4-E9BE-40AD-A7D5-BBCEF6C8F4C3}"
EndProject
Project("{FAE04EC0-301F-11D3-BF4B-00C04F79EFBC}") = "11", "..\11\11.csproj", "{14FAB823-4A1B-46D1-84B0-9C61976CFC77}"
EndProject
Project("{FAE04EC0-301F-11D3-BF4B-00C04F79EFBC}") = "12", "..\12\12.csproj", "{24FE3335-579F-46C0-BCDB-40A404DDB264}"
EndProject
Project("{FAE04EC0-301F-11D3-BF4B-00C04F79EFBC}") = "13", "..\13\13.csproj", "{C8AF5D97-E5A5-4C44-BB8D-3F9907D0E3CC}"
EndProject
Global
	GlobalSection(SolutionConfigurationPlatforms) = preSolution
		Debug|Any CPU = Debug|Any CPU
		Release|Any CPU = Release|Any CPU
	EndGlobalSection
	GlobalSection(ProjectConfigurationPlatforms) = postSolution
		{C8757914-FC05-433A-A7B1-12A97FAA5DB7}.Debug|Any CPU.ActiveCfg = Debug|Any CPU
		{C8757914-FC05-433A-A7B1-12A97FAA5DB7}.Debug|Any CPU.Build.0 = Debug|Any CPU
		{C8757914-FC05-433A-A7B1-12A97FAA5DB7}.Release|Any CPU.ActiveCfg = Release|Any CPU
		{C8757914-FC05-433A-A7B1-12A97FAA5DB7}.Release|Any CPU.Build.0 = Release|Any CPU
		{20B8BA02-86B9-44CA-805A-228CF661AB7A}.Debug|Any CPU.ActiveCfg = Debug|Any CPU
		{20B8BA02-86B9-44CA-805A-228CF661AB7A}.Debug|Any CPU.Build.0 = Debug|Any CPU
		{20B8BA02-86B9-44CA-805A-228CF661AB7A}.Release|Any CPU.ActiveCfg = Release|Any CPU
		{20B8BA02-86B9-44CA-805A-228CF661AB7A}.Release|Any CPU.Build.0 = Release|Any CPU
		{10302CEC-DA3D-4185-8825-BA9125CB43AD}.Debug|Any CPU.ActiveCfg = Debug|Any CPU
		{10302CEC-DA3D-4185-8825-BA9125CB43AD}.Debug|Any CPU.Build.0 = Debug|Any CPU
		{10302CEC-DA3D-4185-8825-BA9125CB43AD}.Release|Any CPU.ActiveCfg = Release|Any CPU
		{10302CEC-DA3D-4185-8825-BA9125CB43AD}.Release|Any CPU.Build.0 = Release|Any CPU
		{1B249D4C-08BB-4B1A-85D6-7B1919E790ED}.Debug|Any CPU.ActiveCfg = Debug|Any CPU
		{1B249D4C-08BB-4B1A-85D6-7B1919E790ED}.Debug|Any CPU.Build.0 = Debug|Any CPU
		{1B249D4C-08BB-4B1A-85D6-7B1919E790ED}.Release|Any CPU.ActiveCfg = Release|Any CPU
		{1B249D4C-08BB-4B1A-85D6-7B1919E790ED}.Release|Any CPU.Build.0 = Release|Any CPU
		{B8E081B3-741F-49DF-AB47-36AF836BC5BA}.Debug|Any CPU.ActiveCfg = Debug|Any CPU
		{B8E081B3-741F-49DF-AB47-36AF836BC5BA}.Debug|Any CPU.Build.0 = Debug|Any CPU
		{B8E081B3-741F-49DF-AB47-36AF836BC5BA}.Release|Any CPU.ActiveCfg = Release|Any CPU
		{B8E081B3-741F-49DF-AB47-36AF836BC5BA}.Release|Any CPU.Build.0 = Release|Any CPU
		{2E729A1C-F081-490A-8205-EE7D9DACDCD3}.Debug|Any CPU.ActiveCfg = Debug|Any CPU
		{2E729A1C-F081-490A-8205-EE7D9DACDCD3}.Debug|Any CPU.Build.0 = Debug|Any CPU
		{2E729A1C-F081-490A-8205-EE7D9DACDCD3}.Release|Any CPU.ActiveCfg = Release|Any CPU
		{2E729A1C-F081-490A-8205-EE7D9DACDCD3}.Release|Any CPU.Build.0 = Release|Any CPU
		{47D1383D-E4B0-497F-A533-A6C2351CBED2}.Debug|Any CPU.ActiveCfg = Debug|Any CPU
		{47D1383D-E4B0-497F-A533-A6C2351CBED2}.Debug|Any CPU.Build.0 = Debug|Any CPU
		{47D1383D-E4B0-497F-A533-A6C2351CBED2}.Release|Any CPU.ActiveCfg = Release|Any CPU
		{47D1383D-E4B0-497F-A533-A6C2351CBED2}.Release|Any CPU.Build.0 = Release|Any CPU
		{25A2CD85-A81C-4EA5-AB60-85565B0D7D5D}.Debug|Any CPU.ActiveCfg = Debug|Any CPU
		{25A2CD85-A81C-4EA5-AB60-85565B0D7D5D}.Debug|Any CPU.Build.0 = Debug|Any CPU
		{25A2CD85-A81C-4EA5-AB60-85565B0D7D5D}.Release|Any CPU.ActiveCfg = Release|Any CPU
		{25A2CD85-A81C-4EA5-AB60-85565B0D7D5D}.Release|Any CPU.Build.0 = Release|Any CPU
		{8A55CD12-8EC9-4470-9691-1DBCD6060814}.Debug|Any CPU.ActiveCfg = Debug|Any CPU
		{8A55CD12-8EC9-4470-9691-1DBCD6060814}.Debug|Any CPU.Build.0 = Debug|Any CPU
		{8A55CD12-8EC9-4470-9691-1DBCD6060814}.Release|Any CPU.ActiveCfg = Release|Any CPU
		{8A55CD12-8EC9-4470-9691-1DBCD6060814}.Release|Any CPU.Build.0 = Release|Any CPU
		{264A94F4-E9BE-40AD-A7D5-BBCEF6C8F4C3}.Debug|Any CPU.ActiveCfg = Debug|Any CPU
		{264A94F4-E9BE-40AD-A7D5-BBCEF6C8F4C3}.Debug|Any CPU.Build.0 = Debug|Any CPU
		{264A94F4-E9BE-40AD-A7D5-BBCEF6C8F4C3}.Release|Any CPU.ActiveCfg = Release|Any CPU
		{264A94F4-E9BE-40AD-A7D5-BBCEF6C8F4C3}.Release|Any CPU.Build.0 = Release|Any CPU
		{14FAB823-4A1B-46D1-84B0-9C61976CFC77}.Debug|Any CPU.ActiveCfg = Debug|Any CPU
		{14FAB823-4A1B-46D1-84B0-9C61976CFC77}.Debug|Any CPU.Build.0 = Debug|Any CPU
		{14FAB823-4A1B-46D1-84B0-9C61976CFC77}.Release|Any CPU.ActiveCfg = Release|Any CPU
		{14FAB823-4A1B-46D1-84B0-9C61976CFC77}.Release|Any CPU.Build.0 = Release|Any CPU
		{24FE3335-579F-46C0-BCDB-40A404DDB264}.Debug|Any CPU.ActiveCfg = Debug|Any CPU
		{24FE3335-579F-46C0-BCDB-40A404DDB264}.Debug|Any CPU.Build.0 = Debug|Any CPU
		{24FE3335-579F-46C0-BCDB-40A404DDB264}.Release|Any CPU.ActiveCfg = Release|Any CPU
		{24FE3335-579F-46C0-BCDB-40A404DDB264}.Release|Any CPU.Build.0 = Release|Any CPU
		{C8AF5D97-E5A5-4C44-BB8D-3F9907D0E3CC}.Debug|Any CPU.ActiveCfg = Debug|Any CPU
		{C8AF5D97-E5A5-4C44-BB8D-3F9907D0E3CC}.Debug|Any CPU.Build.0 = Debug|Any CPU
		{C8AF5D97-E5A5-4C44-BB8D-3F9907D0E3CC}.Release|Any CPU.ActiveCfg = Release|Any CPU
		{C8AF5D97-E5A5-4C44-BB8D-3F9907D0E3CC}.Release|Any CPU.Build.0 = Release|Any CPU
	EndGlobalSection
	GlobalSection(SolutionProperties) = preSolution
		HideSolutionNode = FALSE
	EndGlobalSection
	GlobalSection(ExtensibilityGlobals) = postSolution
		SolutionGuid = {B4062A9C-8CEF-4792-ABFC-0D9BB5C9015A}
	EndGlobalSection
EndGlobal
